
Microsoft Visual Studio Solution File, Format Version 12.00
# Visual Studio Version 17
VisualStudioVersion = 17.4.33205.214
MinimumVisualStudioVersion = 10.0.40219.1
Project("{FAE04EC0-301F-11D3-BF4B-00C04F79EFBC}") = "RestarauntMenuAPI", "RestarauntMenuAPI\RestarauntMenuAPI.csproj", "{BE78F540-8CA6-4B0B-A837-F75924D805E4}"
EndProject
Project("{2150E333-8FDC-42A3-9474-1A3956D46DE8}") = "Docker", "Docker", "{F6BEEE7C-64F1-48E0-B997-31E7A87CE9EB}"
	ProjectSection(SolutionItems) = preProject
		docker-compose.yml = docker-compose.yml
	EndProjectSection
EndProject
Project("{FAE04EC0-301F-11D3-BF4B-00C04F79EFBC}") = "RestarauntMenu.Dal", "RestarauntMenu.Dal\RestarauntMenu.Dal.csproj", "{4431C5B3-09AC-417C-9186-B224805CA9D2}"
EndProject
Project("{FAE04EC0-301F-11D3-BF4B-00C04F79EFBC}") = "RestarauntMenu.Bll", "RestarauntMenu.Bll\RestarauntMenu.Bll.csproj", "{B48C9C01-3DF9-4484-B8CA-24FE884FA9FA}"
EndProject
Global
	GlobalSection(SolutionConfigurationPlatforms) = preSolution
		Debug|Any CPU = Debug|Any CPU
		Release|Any CPU = Release|Any CPU
	EndGlobalSection
	GlobalSection(ProjectConfigurationPlatforms) = postSolution
		{BE78F540-8CA6-4B0B-A837-F75924D805E4}.Debug|Any CPU.ActiveCfg = Debug|Any CPU
		{BE78F540-8CA6-4B0B-A837-F75924D805E4}.Debug|Any CPU.Build.0 = Debug|Any CPU
		{BE78F540-8CA6-4B0B-A837-F75924D805E4}.Release|Any CPU.ActiveCfg = Release|Any CPU
		{BE78F540-8CA6-4B0B-A837-F75924D805E4}.Release|Any CPU.Build.0 = Release|Any CPU
		{4431C5B3-09AC-417C-9186-B224805CA9D2}.Debug|Any CPU.ActiveCfg = Debug|Any CPU
		{4431C5B3-09AC-417C-9186-B224805CA9D2}.Debug|Any CPU.Build.0 = Debug|Any CPU
		{4431C5B3-09AC-417C-9186-B224805CA9D2}.Release|Any CPU.ActiveCfg = Release|Any CPU
		{4431C5B3-09AC-417C-9186-B224805CA9D2}.Release|Any CPU.Build.0 = Release|Any CPU
		{B48C9C01-3DF9-4484-B8CA-24FE884FA9FA}.Debug|Any CPU.ActiveCfg = Debug|Any CPU
		{B48C9C01-3DF9-4484-B8CA-24FE884FA9FA}.Debug|Any CPU.Build.0 = Debug|Any CPU
		{B48C9C01-3DF9-4484-B8CA-24FE884FA9FA}.Release|Any CPU.ActiveCfg = Release|Any CPU
		{B48C9C01-3DF9-4484-B8CA-24FE884FA9FA}.Release|Any CPU.Build.0 = Release|Any CPU
	EndGlobalSection
	GlobalSection(SolutionProperties) = preSolution
		HideSolutionNode = FALSE
	EndGlobalSection
	GlobalSection(ExtensibilityGlobals) = postSolution
		SolutionGuid = {8EAD3530-C532-45A4-AAF4-E9C67175B2CA}
	EndGlobalSection
EndGlobal
